// !$*UTF8*$!
{
	archiveVersion = 1;
	classes = {
	};
	objectVersion = 50;
	objects = {

/* Begin PBXBuildFile section */
		F7AD88ED225DB03B00283072 /* AppDelegate.swift in Sources */ = {isa = PBXBuildFile; fileRef = F7AD88EC225DB03B00283072 /* AppDelegate.swift */; };
		F7AD88EF225DB03C00283072 /* ViewController.swift in Sources */ = {isa = PBXBuildFile; fileRef = F7AD88EE225DB03C00283072 /* ViewController.swift */; };
		F7AD88F2225DB03C00283072 /* Main.storyboard in Resources */ = {isa = PBXBuildFile; fileRef = F7AD88F0225DB03C00283072 /* Main.storyboard */; };
		F7AD88F4225DB03D00283072 /* Assets.xcassets in Resources */ = {isa = PBXBuildFile; fileRef = F7AD88F3225DB03D00283072 /* Assets.xcassets */; };
		F7AD88F7225DB03D00283072 /* LaunchScreen.storyboard in Resources */ = {isa = PBXBuildFile; fileRef = F7AD88F5225DB03D00283072 /* LaunchScreen.storyboard */; };
		F7AD891C225DB0C600283072 /* TransitionManger.swift in Sources */ = {isa = PBXBuildFile; fileRef = F7AD8903225DB0C500283072 /* TransitionManger.swift */; };
		F7AD891D225DB0C600283072 /* PopBaseViewController.swift in Sources */ = {isa = PBXBuildFile; fileRef = F7AD8904225DB0C500283072 /* PopBaseViewController.swift */; };
		F7AD891E225DB0C600283072 /* CurrentModelContontroller.swift in Sources */ = {isa = PBXBuildFile; fileRef = F7AD8905225DB0C500283072 /* CurrentModelContontroller.swift */; };
		F7AD891F225DB0C600283072 /* JHSBaseViewController.swift in Sources */ = {isa = PBXBuildFile; fileRef = F7AD8906225DB0C500283072 /* JHSBaseViewController.swift */; };
		F7AD8920225DB0C600283072 /* BaseController.swift in Sources */ = {isa = PBXBuildFile; fileRef = F7AD8907225DB0C500283072 /* BaseController.swift */; };
		F7AD8921225DB0C600283072 /* RequestOperation.swift in Sources */ = {isa = PBXBuildFile; fileRef = F7AD8909225DB0C500283072 /* RequestOperation.swift */; };
		F7AD8922225DB0C600283072 /* ReadFileManager.swift in Sources */ = {isa = PBXBuildFile; fileRef = F7AD890A225DB0C500283072 /* ReadFileManager.swift */; };
		F7AD8923225DB0C600283072 /* RequestConfig.swift in Sources */ = {isa = PBXBuildFile; fileRef = F7AD890B225DB0C500283072 /* RequestConfig.swift */; };
		F7AD8924225DB0C600283072 /* RelationFileKey.swift in Sources */ = {isa = PBXBuildFile; fileRef = F7AD890C225DB0C500283072 /* RelationFileKey.swift */; };
		F7AD8925225DB0C600283072 /* HttpParamterModel.swift in Sources */ = {isa = PBXBuildFile; fileRef = F7AD890D225DB0C500283072 /* HttpParamterModel.swift */; };
		F7AD8926225DB0C600283072 /* BaseModel.swift in Sources */ = {isa = PBXBuildFile; fileRef = F7AD890F225DB0C500283072 /* BaseModel.swift */; };
		F7AD8927225DB0C600283072 /* FMBaseCollectionView.swift in Sources */ = {isa = PBXBuildFile; fileRef = F7AD8911225DB0C500283072 /* FMBaseCollectionView.swift */; };
		F7AD8928225DB0C600283072 /* FMScrollView.swift in Sources */ = {isa = PBXBuildFile; fileRef = F7AD8912225DB0C500283072 /* FMScrollView.swift */; };
		F7AD8929225DB0C600283072 /* BlurModelView.swift in Sources */ = {isa = PBXBuildFile; fileRef = F7AD8913225DB0C500283072 /* BlurModelView.swift */; };
		F7AD892A225DB0C600283072 /* FMBaseTableView.swift in Sources */ = {isa = PBXBuildFile; fileRef = F7AD8914225DB0C500283072 /* FMBaseTableView.swift */; };
		F7AD892B225DB0C600283072 /* DefineSwiftFunc.swift in Sources */ = {isa = PBXBuildFile; fileRef = F7AD8916225DB0C500283072 /* DefineSwiftFunc.swift */; };
		F7AD892C225DB0C600283072 /* ExtensionView.swift in Sources */ = {isa = PBXBuildFile; fileRef = F7AD8917225DB0C500283072 /* ExtensionView.swift */; };
		F7AD892D225DB0C600283072 /* AppDelegateExtenstion.swift in Sources */ = {isa = PBXBuildFile; fileRef = F7AD8918225DB0C500283072 /* AppDelegateExtenstion.swift */; };
		F7AD892E225DB0C600283072 /* AppExtenConfig.swift in Sources */ = {isa = PBXBuildFile; fileRef = F7AD8919225DB0C500283072 /* AppExtenConfig.swift */; };
		F7AD892F225DB0C600283072 /* DataBaseManager.swift in Sources */ = {isa = PBXBuildFile; fileRef = F7AD891B225DB0C500283072 /* DataBaseManager.swift */; };
		F7AD8931225DB30D00283072 /* TextAnimationView.swift in Sources */ = {isa = PBXBuildFile; fileRef = F7AD8930225DB30D00283072 /* TextAnimationView.swift */; };
/* End PBXBuildFile section */

/* Begin PBXFileReference section */
		F7AD88E9225DB03B00283072 /* AnimationText.app */ = {isa = PBXFileReference; explicitFileType = wrapper.application; includeInIndex = 0; path = AnimationText.app; sourceTree = BUILT_PRODUCTS_DIR; };
		F7AD88EC225DB03B00283072 /* AppDelegate.swift */ = {isa = PBXFileReference; lastKnownFileType = sourcecode.swift; path = AppDelegate.swift; sourceTree = "<group>"; };
		F7AD88EE225DB03C00283072 /* ViewController.swift */ = {isa = PBXFileReference; lastKnownFileType = sourcecode.swift; path = ViewController.swift; sourceTree = "<group>"; };
		F7AD88F1225DB03C00283072 /* Base */ = {isa = PBXFileReference; lastKnownFileType = file.storyboard; name = Base; path = Base.lproj/Main.storyboard; sourceTree = "<group>"; };
		F7AD88F3225DB03D00283072 /* Assets.xcassets */ = {isa = PBXFileReference; lastKnownFileType = folder.assetcatalog; path = Assets.xcassets; sourceTree = "<group>"; };
		F7AD88F6225DB03D00283072 /* Base */ = {isa = PBXFileReference; lastKnownFileType = file.storyboard; name = Base; path = Base.lproj/LaunchScreen.storyboard; sourceTree = "<group>"; };
		F7AD88F8225DB03D00283072 /* Info.plist */ = {isa = PBXFileReference; lastKnownFileType = text.plist.xml; path = Info.plist; sourceTree = "<group>"; };
		F7AD8903225DB0C500283072 /* TransitionManger.swift */ = {isa = PBXFileReference; fileEncoding = 4; lastKnownFileType = sourcecode.swift; path = TransitionManger.swift; sourceTree = "<group>"; };
		F7AD8904225DB0C500283072 /* PopBaseViewController.swift */ = {isa = PBXFileReference; fileEncoding = 4; lastKnownFileType = sourcecode.swift; path = PopBaseViewController.swift; sourceTree = "<group>"; };
		F7AD8905225DB0C500283072 /* CurrentModelContontroller.swift */ = {isa = PBXFileReference; fileEncoding = 4; lastKnownFileType = sourcecode.swift; path = CurrentModelContontroller.swift; sourceTree = "<group>"; };
		F7AD8906225DB0C500283072 /* JHSBaseViewController.swift */ = {isa = PBXFileReference; fileEncoding = 4; lastKnownFileType = sourcecode.swift; path = JHSBaseViewController.swift; sourceTree = "<group>"; };
		F7AD8907225DB0C500283072 /* BaseController.swift */ = {isa = PBXFileReference; fileEncoding = 4; lastKnownFileType = sourcecode.swift; path = BaseController.swift; sourceTree = "<group>"; };
		F7AD8909225DB0C500283072 /* RequestOperation.swift */ = {isa = PBXFileReference; fileEncoding = 4; lastKnownFileType = sourcecode.swift; path = RequestOperation.swift; sourceTree = "<group>"; };
		F7AD890A225DB0C500283072 /* ReadFileManager.swift */ = {isa = PBXFileReference; fileEncoding = 4; lastKnownFileType = sourcecode.swift; path = ReadFileManager.swift; sourceTree = "<group>"; };
		F7AD890B225DB0C500283072 /* RequestConfig.swift */ = {isa = PBXFileReference; fileEncoding = 4; lastKnownFileType = sourcecode.swift; path = RequestConfig.swift; sourceTree = "<group>"; };
		F7AD890C225DB0C500283072 /* RelationFileKey.swift */ = {isa = PBXFileReference; fileEncoding = 4; lastKnownFileType = sourcecode.swift; path = RelationFileKey.swift; sourceTree = "<group>"; };
		F7AD890D225DB0C500283072 /* HttpParamterModel.swift */ = {isa = PBXFileReference; fileEncoding = 4; lastKnownFileType = sourcecode.swift; path = HttpParamterModel.swift; sourceTree = "<group>"; };
		F7AD890F225DB0C500283072 /* BaseModel.swift */ = {isa = PBXFileReference; fileEncoding = 4; lastKnownFileType = sourcecode.swift; path = BaseModel.swift; sourceTree = "<group>"; };
		F7AD8911225DB0C500283072 /* FMBaseCollectionView.swift */ = {isa = PBXFileReference; fileEncoding = 4; lastKnownFileType = sourcecode.swift; path = FMBaseCollectionView.swift; sourceTree = "<group>"; };
		F7AD8912225DB0C500283072 /* FMScrollView.swift */ = {isa = PBXFileReference; fileEncoding = 4; lastKnownFileType = sourcecode.swift; path = FMScrollView.swift; sourceTree = "<group>"; };
		F7AD8913225DB0C500283072 /* BlurModelView.swift */ = {isa = PBXFileReference; fileEncoding = 4; lastKnownFileType = sourcecode.swift; path = BlurModelView.swift; sourceTree = "<group>"; };
		F7AD8914225DB0C500283072 /* FMBaseTableView.swift */ = {isa = PBXFileReference; fileEncoding = 4; lastKnownFileType = sourcecode.swift; path = FMBaseTableView.swift; sourceTree = "<group>"; };
		F7AD8916225DB0C500283072 /* DefineSwiftFunc.swift */ = {isa = PBXFileReference; fileEncoding = 4; lastKnownFileType = sourcecode.swift; path = DefineSwiftFunc.swift; sourceTree = "<group>"; };
		F7AD8917225DB0C500283072 /* ExtensionView.swift */ = {isa = PBXFileReference; fileEncoding = 4; lastKnownFileType = sourcecode.swift; path = ExtensionView.swift; sourceTree = "<group>"; };
		F7AD8918225DB0C500283072 /* AppDelegateExtenstion.swift */ = {isa = PBXFileReference; fileEncoding = 4; lastKnownFileType = sourcecode.swift; path = AppDelegateExtenstion.swift; sourceTree = "<group>"; };
		F7AD8919225DB0C500283072 /* AppExtenConfig.swift */ = {isa = PBXFileReference; fileEncoding = 4; lastKnownFileType = sourcecode.swift; path = AppExtenConfig.swift; sourceTree = "<group>"; };
		F7AD891B225DB0C500283072 /* DataBaseManager.swift */ = {isa = PBXFileReference; fileEncoding = 4; lastKnownFileType = sourcecode.swift; path = DataBaseManager.swift; sourceTree = "<group>"; };
		F7AD8930225DB30D00283072 /* TextAnimationView.swift */ = {isa = PBXFileReference; lastKnownFileType = sourcecode.swift; path = TextAnimationView.swift; sourceTree = "<group>"; };
/* End PBXFileReference section */

/* Begin PBXFrameworksBuildPhase section */
		F7AD88E6225DB03B00283072 /* Frameworks */ = {
			isa = PBXFrameworksBuildPhase;
			buildActionMask = 2147483647;
			files = (
			);
			runOnlyForDeploymentPostprocessing = 0;
		};
/* End PBXFrameworksBuildPhase section */

/* Begin PBXGroup section */
		F7AD88E0225DB03B00283072 = {
			isa = PBXGroup;
			children = (
				F7AD88EB225DB03B00283072 /* AnimationText */,
				F7AD88EA225DB03B00283072 /* Products */,
			);
			sourceTree = "<group>";
		};
		F7AD88EA225DB03B00283072 /* Products */ = {
			isa = PBXGroup;
			children = (
				F7AD88E9225DB03B00283072 /* AnimationText.app */,
			);
			name = Products;
			sourceTree = "<group>";
		};
		F7AD88EB225DB03B00283072 /* AnimationText */ = {
			isa = PBXGroup;
			children = (
				F7AD8900225DB0C500283072 /* frameTask */,
				F7AD88EC225DB03B00283072 /* AppDelegate.swift */,
				F7AD88EE225DB03C00283072 /* ViewController.swift */,
				F7AD8930225DB30D00283072 /* TextAnimationView.swift */,
				F7AD88F0225DB03C00283072 /* Main.storyboard */,
				F7AD88F3225DB03D00283072 /* Assets.xcassets */,
				F7AD88F5225DB03D00283072 /* LaunchScreen.storyboard */,
				F7AD88F8225DB03D00283072 /* Info.plist */,
			);
			path = AnimationText;
			sourceTree = "<group>";
		};
		F7AD8900225DB0C500283072 /* frameTask */ = {
			isa = PBXGroup;
			children = (
				F7AD8901225DB0C500283072 /* controller */,
				F7AD8908225DB0C500283072 /* http */,
				F7AD890E225DB0C500283072 /* model */,
				F7AD8910225DB0C500283072 /* view */,
				F7AD8915225DB0C500283072 /* extenstion */,
				F7AD891A225DB0C500283072 /* caches */,
			);
			path = frameTask;
			sourceTree = "<group>";
		};
		F7AD8901225DB0C500283072 /* controller */ = {
			isa = PBXGroup;
			children = (
				F7AD8902225DB0C500283072 /* pop */,
				F7AD8906225DB0C500283072 /* JHSBaseViewController.swift */,
				F7AD8907225DB0C500283072 /* BaseController.swift */,
			);
			path = controller;
			sourceTree = "<group>";
		};
		F7AD8902225DB0C500283072 /* pop */ = {
			isa = PBXGroup;
			children = (
				F7AD8903225DB0C500283072 /* TransitionManger.swift */,
				F7AD8904225DB0C500283072 /* PopBaseViewController.swift */,
				F7AD8905225DB0C500283072 /* CurrentModelContontroller.swift */,
			);
			path = pop;
			sourceTree = "<group>";
		};
		F7AD8908225DB0C500283072 /* http */ = {
			isa = PBXGroup;
			children = (
				F7AD8909225DB0C500283072 /* RequestOperation.swift */,
				F7AD890A225DB0C500283072 /* ReadFileManager.swift */,
				F7AD890B225DB0C500283072 /* RequestConfig.swift */,
				F7AD890C225DB0C500283072 /* RelationFileKey.swift */,
				F7AD890D225DB0C500283072 /* HttpParamterModel.swift */,
			);
			path = http;
			sourceTree = "<group>";
		};
		F7AD890E225DB0C500283072 /* model */ = {
			isa = PBXGroup;
			children = (
				F7AD890F225DB0C500283072 /* BaseModel.swift */,
			);
			path = model;
			sourceTree = "<group>";
		};
		F7AD8910225DB0C500283072 /* view */ = {
			isa = PBXGroup;
			children = (
				F7AD8911225DB0C500283072 /* FMBaseCollectionView.swift */,
				F7AD8912225DB0C500283072 /* FMScrollView.swift */,
				F7AD8913225DB0C500283072 /* BlurModelView.swift */,
				F7AD8914225DB0C500283072 /* FMBaseTableView.swift */,
			);
			path = view;
			sourceTree = "<group>";
		};
		F7AD8915225DB0C500283072 /* extenstion */ = {
			isa = PBXGroup;
			children = (
				F7AD8916225DB0C500283072 /* DefineSwiftFunc.swift */,
				F7AD8917225DB0C500283072 /* ExtensionView.swift */,
				F7AD8918225DB0C500283072 /* AppDelegateExtenstion.swift */,
				F7AD8919225DB0C500283072 /* AppExtenConfig.swift */,
			);
			path = extenstion;
			sourceTree = "<group>";
		};
		F7AD891A225DB0C500283072 /* caches */ = {
			isa = PBXGroup;
			children = (
				F7AD891B225DB0C500283072 /* DataBaseManager.swift */,
			);
			path = caches;
			sourceTree = "<group>";
		};
/* End PBXGroup section */

/* Begin PBXNativeTarget section */
		F7AD88E8225DB03B00283072 /* AnimationText */ = {
			isa = PBXNativeTarget;
			buildConfigurationList = F7AD88FB225DB03D00283072 /* Build configuration list for PBXNativeTarget "AnimationText" */;
			buildPhases = (
				F7AD88E5225DB03B00283072 /* Sources */,
				F7AD88E6225DB03B00283072 /* Frameworks */,
				F7AD88E7225DB03B00283072 /* Resources */,
			);
			buildRules = (
			);
			dependencies = (
			);
			name = AnimationText;
			productName = AnimationText;
			productReference = F7AD88E9225DB03B00283072 /* AnimationText.app */;
			productType = "com.apple.product-type.application";
		};
/* End PBXNativeTarget section */

/* Begin PBXProject section */
		F7AD88E1225DB03B00283072 /* Project object */ = {
			isa = PBXProject;
			attributes = {
				LastSwiftUpdateCheck = 1010;
				LastUpgradeCheck = 1010;
				ORGANIZATIONNAME = yaojinhai;
				TargetAttributes = {
					F7AD88E8225DB03B00283072 = {
						CreatedOnToolsVersion = 10.1;
					};
				};
			};
			buildConfigurationList = F7AD88E4225DB03B00283072 /* Build configuration list for PBXProject "AnimationText" */;
			compatibilityVersion = "Xcode 9.3";
			developmentRegion = en;
			hasScannedForEncodings = 0;
			knownRegions = (
				en,
				Base,
			);
			mainGroup = F7AD88E0225DB03B00283072;
			productRefGroup = F7AD88EA225DB03B00283072 /* Products */;
			projectDirPath = "";
			projectRoot = "";
			targets = (
				F7AD88E8225DB03B00283072 /* AnimationText */,
			);
		};
/* End PBXProject section */

/* Begin PBXResourcesBuildPhase section */
		F7AD88E7225DB03B00283072 /* Resources */ = {
			isa = PBXResourcesBuildPhase;
			buildActionMask = 2147483647;
			files = (
				F7AD88F7225DB03D00283072 /* LaunchScreen.storyboard in Resources */,
				F7AD88F4225DB03D00283072 /* Assets.xcassets in Resources */,
				F7AD88F2225DB03C00283072 /* Main.storyboard in Resources */,
			);
			runOnlyForDeploymentPostprocessing = 0;
		};
/* End PBXResourcesBuildPhase section */

/* Begin PBXSourcesBuildPhase section */
		F7AD88E5225DB03B00283072 /* Sources */ = {
			isa = PBXSourcesBuildPhase;
			buildActionMask = 2147483647;
			files = (
				F7AD891F225DB0C600283072 /* JHSBaseViewController.swift in Sources */,
				F7AD8926225DB0C600283072 /* BaseModel.swift in Sources */,
				F7AD88EF225DB03C00283072 /* ViewController.swift in Sources */,
				F7AD8922225DB0C600283072 /* ReadFileManager.swift in Sources */,
				F7AD8921225DB0C600283072 /* RequestOperation.swift in Sources */,
				F7AD892C225DB0C600283072 /* ExtensionView.swift in Sources */,
				F7AD891C225DB0C600283072 /* TransitionManger.swift in Sources */,
				F7AD8925225DB0C600283072 /* HttpParamterModel.swift in Sources */,
				F7AD8929225DB0C600283072 /* BlurModelView.swift in Sources */,
				F7AD892A225DB0C600283072 /* FMBaseTableView.swift in Sources */,
				F7AD8923225DB0C600283072 /* RequestConfig.swift in Sources */,
				F7AD88ED225DB03B00283072 /* AppDelegate.swift in Sources */,
				F7AD8928225DB0C600283072 /* FMScrollView.swift in Sources */,
				F7AD892B225DB0C600283072 /* DefineSwiftFunc.swift in Sources */,
				F7AD892F225DB0C600283072 /* DataBaseManager.swift in Sources */,
				F7AD891D225DB0C600283072 /* PopBaseViewController.swift in Sources */,
				F7AD8920225DB0C600283072 /* BaseController.swift in Sources */,
				F7AD8931225DB30D00283072 /* TextAnimationView.swift in Sources */,
				F7AD8927225DB0C600283072 /* FMBaseCollectionView.swift in Sources */,
				F7AD891E225DB0C600283072 /* CurrentModelContontroller.swift in Sources */,
				F7AD8924225DB0C600283072 /* RelationFileKey.swift in Sources */,
				F7AD892E225DB0C600283072 /* AppExtenConfig.swift in Sources */,
				F7AD892D225DB0C600283072 /* AppDelegateExtenstion.swift in Sources */,
			);
			runOnlyForDeploymentPostprocessing = 0;
		};
/* End PBXSourcesBuildPhase section */

/* Begin PBXVariantGroup section */
		F7AD88F0225DB03C00283072 /* Main.storyboard */ = {
			isa = PBXVariantGroup;
			children = (
				F7AD88F1225DB03C00283072 /* Base */,
			);
			name = Main.storyboard;
			sourceTree = "<group>";
		};
		F7AD88F5225DB03D00283072 /* LaunchScreen.storyboard */ = {
			isa = PBXVariantGroup;
			children = (
				F7AD88F6225DB03D00283072 /* Base */,
			);
			name = LaunchScreen.storyboard;
			sourceTree = "<group>";
		};
/* End PBXVariantGroup section */

/* Begin XCBuildConfiguration section */
		F7AD88F9225DB03D00283072 /* Debug */ = {
			isa = XCBuildConfiguration;
			buildSettings = {
				ALWAYS_SEARCH_USER_PATHS = NO;
				CLANG_ANALYZER_NONNULL = YES;
				CLANG_ANALYZER_NUMBER_OBJECT_CONVERSION = YES_AGGRESSIVE;
				CLANG_CXX_LANGUAGE_STANDARD = "gnu++14";
				CLANG_CXX_LIBRARY = "libc++";
				CLANG_ENABLE_MODULES = YES;
				CLANG_ENABLE_OBJC_ARC = YES;
				CLANG_ENABLE_OBJC_WEAK = YES;
				CLANG_WARN_BLOCK_CAPTURE_AUTORELEASING = YES;
				CLANG_WARN_BOOL_CONVERSION = YES;
				CLANG_WARN_COMMA = YES;
				CLANG_WARN_CONSTANT_CONVERSION = YES;
				CLANG_WARN_DEPRECATED_OBJC_IMPLEMENTATIONS = YES;
				CLANG_WARN_DIRECT_OBJC_ISA_USAGE = YES_ERROR;
				CLANG_WARN_DOCUMENTATION_COMMENTS = YES;
				CLANG_WARN_EMPTY_BODY = YES;
				CLANG_WARN_ENUM_CONVERSION = YES;
				CLANG_WARN_INFINITE_RECURSION = YES;
				CLANG_WARN_INT_CONVERSION = YES;
				CLANG_WARN_NON_LITERAL_NULL_CONVERSION = YES;
				CLANG_WARN_OBJC_IMPLICIT_RETAIN_SELF = YES;
				CLANG_WARN_OBJC_LITERAL_CONVERSION = YES;
				CLANG_WARN_OBJC_ROOT_CLASS = YES_ERROR;
				CLANG_WARN_RANGE_LOOP_ANALYSIS = YES;
				CLANG_WARN_STRICT_PROTOTYPES = YES;
				CLANG_WARN_SUSPICIOUS_MOVE = YES;
				CLANG_WARN_UNGUARDED_AVAILABILITY = YES_AGGRESSIVE;
				CLANG_WARN_UNREACHABLE_CODE = YES;
				CLANG_WARN__DUPLICATE_METHOD_MATCH = YES;
				CODE_SIGN_IDENTITY = "iPhone Developer";
				COPY_PHASE_STRIP = NO;
				DEBUG_INFORMATION_FORMAT = dwarf;
				ENABLE_STRICT_OBJC_MSGSEND = YES;
				ENABLE_TESTABILITY = YES;
				GCC_C_LANGUAGE_STANDARD = gnu11;
				GCC_DYNAMIC_NO_PIC = NO;
				GCC_NO_COMMON_BLOCKS = YES;
				GCC_OPTIMIZATION_LEVEL = 0;
				GCC_PREPROCESSOR_DEFINITIONS = (
					"DEBUG=1",
					"$(inherited)",
				);
				GCC_WARN_64_TO_32_BIT_CONVERSION = YES;
				GCC_WARN_ABOUT_RETURN_TYPE = YES_ERROR;
				GCC_WARN_UNDECLARED_SELECTOR = YES;
				GCC_WARN_UNINITIALIZED_AUTOS = YES_AGGRESSIVE;
				GCC_WARN_UNUSED_FUNCTION = YES;
				GCC_WARN_UNUSED_VARIABLE = YES;
				IPHONEOS_DEPLOYMENT_TARGET = 12.1;
				MTL_ENABLE_DEBUG_INFO = INCLUDE_SOURCE;
				MTL_FAST_MATH = YES;
				ONLY_ACTIVE_ARCH = YES;
				SDKROOT = iphoneos;
				SWIFT_ACTIVE_COMPILATION_CONDITIONS = DEBUG;
				SWIFT_OPTIMIZATION_LEVEL = "-Onone";
			};
			name = Debug;
		};
		F7AD88FA225DB03D00283072 /* Release */ = {
			isa = XCBuildConfiguration;
			buildSettings = {
				ALWAYS_SEARCH_USER_PATHS = NO;
				CLANG_ANALYZER_NONNULL = YES;
				CLANG_ANALYZER_NUMBER_OBJECT_CONVERSION = YES_AGGRESSIVE;
				CLANG_CXX_LANGUAGE_STANDARD = "gnu++14";
				CLANG_CXX_LIBRARY = "libc++";
				CLANG_ENABLE_MODULES = YES;
				CLANG_ENABLE_OBJC_ARC = YES;
				CLANG_ENABLE_OBJC_WEAK = YES;
				CLANG_WARN_BLOCK_CAPTURE_AUTORELEASING = YES;
				CLANG_WARN_BOOL_CONVERSION = YES;
				CLANG_WARN_COMMA = YES;
				CLANG_WARN_CONSTANT_CONVERSION = YES;
				CLANG_WARN_DEPRECATED_OBJC_IMPLEMENTATIONS = YES;
				CLANG_WARN_DIRECT_OBJC_ISA_USAGE = YES_ERROR;
				CLANG_WARN_DOCUMENTATION_COMMENTS = YES;
				CLANG_WARN_EMPTY_BODY = YES;
				CLANG_WARN_ENUM_CONVERSION = YES;
				CLANG_WARN_INFINITE_RECURSION = YES;
				CLANG_WARN_INT_CONVERSION = YES;
				CLANG_WARN_NON_LITERAL_NULL_CONVERSION = YES;
				CLANG_WARN_OBJC_IMPLICIT_RETAIN_SELF = YES;
				CLANG_WARN_OBJC_LITERAL_CONVERSION = YES;
				CLANG_WARN_OBJC_ROOT_CLASS = YES_ERROR;
				CLANG_WARN_RANGE_LOOP_ANALYSIS = YES;
				CLANG_WARN_STRICT_PROTOTYPES = YES;
				CLANG_WARN_SUSPICIOUS_MOVE = YES;
				CLANG_WARN_UNGUARDED_AVAILABILITY = YES_AGGRESSIVE;
				CLANG_WARN_UNREACHABLE_CODE = YES;
				CLANG_WARN__DUPLICATE_METHOD_MATCH = YES;
				CODE_SIGN_IDENTITY = "iPhone Developer";
				COPY_PHASE_STRIP = NO;
				DEBUG_INFORMATION_FORMAT = "dwarf-with-dsym";
				ENABLE_NS_ASSERTIONS = NO;
				ENABLE_STRICT_OBJC_MSGSEND = YES;
				GCC_C_LANGUAGE_STANDARD = gnu11;
				GCC_NO_COMMON_BLOCKS = YES;
				GCC_WARN_64_TO_32_BIT_CONVERSION = YES;
				GCC_WARN_ABOUT_RETURN_TYPE = YES_ERROR;
				GCC_WARN_UNDECLARED_SELECTOR = YES;
				GCC_WARN_UNINITIALIZED_AUTOS = YES_AGGRESSIVE;
				GCC_WARN_UNUSED_FUNCTION = YES;
				GCC_WARN_UNUSED_VARIABLE = YES;
				IPHONEOS_DEPLOYMENT_TARGET = 12.1;
				MTL_ENABLE_DEBUG_INFO = NO;
				MTL_FAST_MATH = YES;
				SDKROOT = iphoneos;
				SWIFT_COMPILATION_MODE = wholemodule;
				SWIFT_OPTIMIZATION_LEVEL = "-O";
				VALIDATE_PRODUCT = YES;
			};
			name = Release;
		};
		F7AD88FC225DB03D00283072 /* Debug */ = {
			isa = XCBuildConfiguration;
			buildSettings = {
				ASSETCATALOG_COMPILER_APPICON_NAME = AppIcon;
				CODE_SIGN_STYLE = Automatic;
				INFOPLIST_FILE = AnimationText/Info.plist;
				LD_RUNPATH_SEARCH_PATHS = (
					"$(inherited)",
					"@executable_path/Frameworks",
				);
				PRODUCT_BUNDLE_IDENTIFIER = com.huoyuan.AnimationText;
				PRODUCT_NAME = "$(TARGET_NAME)";
				SWIFT_VERSION = 4.2;
				TARGETED_DEVICE_FAMILY = "1,2";
			};
			name = Debug;
		};
		F7AD88FD225DB03D00283072 /* Release */ = {
			isa = XCBuildConfiguration;
			buildSettings = {
				ASSETCATALOG_COMPILER_APPICON_NAME = AppIcon;
				CODE_SIGN_STYLE = Automatic;
				INFOPLIST_FILE = AnimationText/Info.plist;
				LD_RUNPATH_SEARCH_PATHS = (
					"$(inherited)",
					"@executable_path/Frameworks",
				);
				PRODUCT_BUNDLE_IDENTIFIER = com.huoyuan.AnimationText;
				PRODUCT_NAME = "$(TARGET_NAME)";
				SWIFT_VERSION = 4.2;
				TARGETED_DEVICE_FAMILY = "1,2";
			};
			name = Release;
		};
/* End XCBuildConfiguration section */

/* Begin XCConfigurationList section */
		F7AD88E4225DB03B00283072 /* Build configuration list for PBXProject "AnimationText" */ = {
			isa = XCConfigurationList;
			buildConfigurations = (
				F7AD88F9225DB03D00283072 /* Debug */,
				F7AD88FA225DB03D00283072 /* Release */,
			);
			defaultConfigurationIsVisible = 0;
			defaultConfigurationName = Release;
		};
		F7AD88FB225DB03D00283072 /* Build configuration list for PBXNativeTarget "AnimationText" */ = {
			isa = XCConfigurationList;
			buildConfigurations = (
				F7AD88FC225DB03D00283072 /* Debug */,
				F7AD88FD225DB03D00283072 /* Release */,
			);
			defaultConfigurationIsVisible = 0;
			defaultConfigurationName = Release;
		};
/* End XCConfigurationList section */
	};
	rootObject = F7AD88E1225DB03B00283072 /* Project object */;
}
